
Microsoft Visual Studio Solution File, Format Version 12.00
# Visual Studio Version 16
VisualStudioVersion = 16.0.31019.35
MinimumVisualStudioVersion = 10.0.40219.1
Project("{FAE04EC0-301F-11D3-BF4B-00C04F79EFBC}") = "WebApplication3", "WebApplication3\WebApplication3.csproj", "{50279D0D-719B-4E36-996E-0617D2A00301}"
EndProject
Global
	GlobalSection(SolutionConfigurationPlatforms) = preSolution
		Debug|Any CPU = Debug|Any CPU
		Release|Any CPU = Release|Any CPU
	EndGlobalSection
	GlobalSection(ProjectConfigurationPlatforms) = postSolution
		{50279D0D-719B-4E36-996E-0617D2A00301}.Debug|Any CPU.ActiveCfg = Debug|Any CPU
		{50279D0D-719B-4E36-996E-0617D2A00301}.Debug|Any CPU.Build.0 = Debug|Any CPU
		{50279D0D-719B-4E36-996E-0617D2A00301}.Release|Any CPU.ActiveCfg = Release|Any CPU
		{50279D0D-719B-4E36-996E-0617D2A00301}.Release|Any CPU.Build.0 = Release|Any CPU
	EndGlobalSection
	GlobalSection(SolutionProperties) = preSolution
		HideSolutionNode = FALSE
	EndGlobalSection
	GlobalSection(ExtensibilityGlobals) = postSolution
		SolutionGuid = {1D57E800-C024-45C7-9DAB-13710DED4C80}
	EndGlobalSection
EndGlobal
